
Microsoft Visual Studio Solution File, Format Version 12.00
# Visual Studio 2012
Project("{FAE04EC0-301F-11D3-BF4B-00C04F79EFBC}") = "SerialiserTest", "SerialiserTest.csproj", "{E739D77E-5288-40D7-AB39-85846B326694}"
EndProject
Project("{FAE04EC0-301F-11D3-BF4B-00C04F79EFBC}") = "ADTSData", "..\ADTSData\ADTSData.csproj", "{B00215BC-0620-414B-83AB-6B88A152E0C2}"
EndProject
Project("{FAE04EC0-301F-11D3-BF4B-00C04F79EFBC}") = "ArchiveData", "..\ArchiveData\ArchiveData.csproj", "{26676346-C100-4CC9-869F-80175B33DF76}"
EndProject
Project("{FAE04EC0-301F-11D3-BF4B-00C04F79EFBC}") = "SQLiteArchive", "..\Archive\SQLiteArchive\SQLiteArchive.csproj", "{5DDFAB0D-1F66-4337-BD2F-ECE434D68794}"
EndProject
Global
	GlobalSection(SolutionConfigurationPlatforms) = preSolution
		Debug|Any CPU = Debug|Any CPU
		Release|Any CPU = Release|Any CPU
	EndGlobalSection
	GlobalSection(ProjectConfigurationPlatforms) = postSolution
		{E739D77E-5288-40D7-AB39-85846B326694}.Debug|Any CPU.ActiveCfg = Debug|Any CPU
		{E739D77E-5288-40D7-AB39-85846B326694}.Debug|Any CPU.Build.0 = Debug|Any CPU
		{E739D77E-5288-40D7-AB39-85846B326694}.Release|Any CPU.ActiveCfg = Release|Any CPU
		{E739D77E-5288-40D7-AB39-85846B326694}.Release|Any CPU.Build.0 = Release|Any CPU
		{B00215BC-0620-414B-83AB-6B88A152E0C2}.Debug|Any CPU.ActiveCfg = Debug|Any CPU
		{B00215BC-0620-414B-83AB-6B88A152E0C2}.Debug|Any CPU.Build.0 = Debug|Any CPU
		{B00215BC-0620-414B-83AB-6B88A152E0C2}.Release|Any CPU.ActiveCfg = Release|Any CPU
		{B00215BC-0620-414B-83AB-6B88A152E0C2}.Release|Any CPU.Build.0 = Release|Any CPU
		{26676346-C100-4CC9-869F-80175B33DF76}.Debug|Any CPU.ActiveCfg = Debug|Any CPU
		{26676346-C100-4CC9-869F-80175B33DF76}.Debug|Any CPU.Build.0 = Debug|Any CPU
		{26676346-C100-4CC9-869F-80175B33DF76}.Release|Any CPU.ActiveCfg = Release|Any CPU
		{26676346-C100-4CC9-869F-80175B33DF76}.Release|Any CPU.Build.0 = Release|Any CPU
		{5DDFAB0D-1F66-4337-BD2F-ECE434D68794}.Debug|Any CPU.ActiveCfg = Debug|Any CPU
		{5DDFAB0D-1F66-4337-BD2F-ECE434D68794}.Debug|Any CPU.Build.0 = Debug|Any CPU
		{5DDFAB0D-1F66-4337-BD2F-ECE434D68794}.Release|Any CPU.ActiveCfg = Release|Any CPU
		{5DDFAB0D-1F66-4337-BD2F-ECE434D68794}.Release|Any CPU.Build.0 = Release|Any CPU
	EndGlobalSection
	GlobalSection(SolutionProperties) = preSolution
		HideSolutionNode = FALSE
	EndGlobalSection
EndGlobal
