
Microsoft Visual Studio Solution File, Format Version 12.00
# Visual Studio 2012
Project("{FAE04EC0-301F-11D3-BF4B-00C04F79EFBC}") = "KIPer", "KIPer\KIPer.csproj", "{0D103F16-F896-4E97-9D92-AEDC7AB12F9D}"
EndProject
Project("{2150E333-8FDC-42A3-9474-1A3956D46DE8}") = "Drivers", "Drivers", "{9DCFA936-EB09-4076-8CEA-90AC31DB4EDC}"
EndProject
Project("{FAE04EC0-301F-11D3-BF4B-00C04F79EFBC}") = "MainLoop", "MineLoop\MainLoop.csproj", "{FA8F1885-A429-4F3A-93B7-CB3FCEF61072}"
EndProject
Project("{FAE04EC0-301F-11D3-BF4B-00C04F79EFBC}") = "PACESeries", "Drivers\PACE5000\PACESeries.csproj", "{3D3DB0EB-5B92-4D8F-8547-82FF7184C59A}"
EndProject
Project("{2150E333-8FDC-42A3-9474-1A3956D46DE8}") = "Controls", "Controls", "{9BF53230-FBD5-4FD3-AC24-E173B3000CC9}"
EndProject
Project("{FAE04EC0-301F-11D3-BF4B-00C04F79EFBC}") = "PressureElementControls", "Controls\PressureElementControls\PressureElementControls.csproj", "{30E4408B-FFC2-495C-B7B4-8CF8E621D3DE}"
EndProject
Global
	GlobalSection(SolutionConfigurationPlatforms) = preSolution
		Debug|Any CPU = Debug|Any CPU
		Release|Any CPU = Release|Any CPU
	EndGlobalSection
	GlobalSection(ProjectConfigurationPlatforms) = postSolution
		{0D103F16-F896-4E97-9D92-AEDC7AB12F9D}.Debug|Any CPU.ActiveCfg = Debug|Any CPU
		{0D103F16-F896-4E97-9D92-AEDC7AB12F9D}.Debug|Any CPU.Build.0 = Debug|Any CPU
		{0D103F16-F896-4E97-9D92-AEDC7AB12F9D}.Release|Any CPU.ActiveCfg = Release|Any CPU
		{0D103F16-F896-4E97-9D92-AEDC7AB12F9D}.Release|Any CPU.Build.0 = Release|Any CPU
		{FA8F1885-A429-4F3A-93B7-CB3FCEF61072}.Debug|Any CPU.ActiveCfg = Debug|Any CPU
		{FA8F1885-A429-4F3A-93B7-CB3FCEF61072}.Debug|Any CPU.Build.0 = Debug|Any CPU
		{FA8F1885-A429-4F3A-93B7-CB3FCEF61072}.Release|Any CPU.ActiveCfg = Release|Any CPU
		{FA8F1885-A429-4F3A-93B7-CB3FCEF61072}.Release|Any CPU.Build.0 = Release|Any CPU
		{3D3DB0EB-5B92-4D8F-8547-82FF7184C59A}.Debug|Any CPU.ActiveCfg = Debug|Any CPU
		{3D3DB0EB-5B92-4D8F-8547-82FF7184C59A}.Debug|Any CPU.Build.0 = Debug|Any CPU
		{3D3DB0EB-5B92-4D8F-8547-82FF7184C59A}.Release|Any CPU.ActiveCfg = Release|Any CPU
		{3D3DB0EB-5B92-4D8F-8547-82FF7184C59A}.Release|Any CPU.Build.0 = Release|Any CPU
		{30E4408B-FFC2-495C-B7B4-8CF8E621D3DE}.Debug|Any CPU.ActiveCfg = Debug|Any CPU
		{30E4408B-FFC2-495C-B7B4-8CF8E621D3DE}.Debug|Any CPU.Build.0 = Debug|Any CPU
		{30E4408B-FFC2-495C-B7B4-8CF8E621D3DE}.Release|Any CPU.ActiveCfg = Release|Any CPU
		{30E4408B-FFC2-495C-B7B4-8CF8E621D3DE}.Release|Any CPU.Build.0 = Release|Any CPU
	EndGlobalSection
	GlobalSection(SolutionProperties) = preSolution
		HideSolutionNode = FALSE
	EndGlobalSection
	GlobalSection(NestedProjects) = preSolution
		{3D3DB0EB-5B92-4D8F-8547-82FF7184C59A} = {9DCFA936-EB09-4076-8CEA-90AC31DB4EDC}
		{30E4408B-FFC2-495C-B7B4-8CF8E621D3DE} = {9BF53230-FBD5-4FD3-AC24-E173B3000CC9}
	EndGlobalSection
EndGlobal
