
Microsoft Visual Studio Solution File, Format Version 12.00
# Visual Studio 2012
Project("{FAE04EC0-301F-11D3-BF4B-00C04F79EFBC}") = "KipTM", "KIPer\KipTM.csproj", "{0D103F16-F896-4E97-9D92-AEDC7AB12F9D}"
EndProject
Project("{2150E333-8FDC-42A3-9474-1A3956D46DE8}") = "Drivers", "Drivers", "{9DCFA936-EB09-4076-8CEA-90AC31DB4EDC}"
EndProject
Project("{FAE04EC0-301F-11D3-BF4B-00C04F79EFBC}") = "MainLoop", "MineLoop\MainLoop.csproj", "{FA8F1885-A429-4F3A-93B7-CB3FCEF61072}"
EndProject
Project("{2150E333-8FDC-42A3-9474-1A3956D46DE8}") = "Controls", "Controls", "{9BF53230-FBD5-4FD3-AC24-E173B3000CC9}"
EndProject
Project("{FAE04EC0-301F-11D3-BF4B-00C04F79EFBC}") = "PressureElementControls", "Controls\PressureElementControls\PressureElementControls.csproj", "{30E4408B-FFC2-495C-B7B4-8CF8E621D3DE}"
EndProject
Project("{2150E333-8FDC-42A3-9474-1A3956D46DE8}") = "Emulation", "Emulation", "{AFC29171-8CF7-4974-B9F7-CAAA0627D56A}"
EndProject
Project("{FAE04EC0-301F-11D3-BF4B-00C04F79EFBC}") = "ComPortEmulation", "Emulation\ComPortEmulation\ComPortEmulation.csproj", "{906003D7-94BB-401B-8135-54267B2C713F}"
EndProject
Project("{930C7802-8A8C-48F9-8165-68863BCCD9DD}") = "SetupKipTM", "SetupKipTM\SetupKipTM.wixproj", "{75BD1817-C0A1-41B1-9F90-496F49A3DBD4}"
EndProject
Project("{2150E333-8FDC-42A3-9474-1A3956D46DE8}") = "Archive", "Archive", "{D30AAB61-39FF-405A-9824-C7E062D2BA3D}"
EndProject
Project("{FAE04EC0-301F-11D3-BF4B-00C04F79EFBC}") = "SQLiteArchive", "Archive\SQLiteArchive\SQLiteArchive.csproj", "{5DDFAB0D-1F66-4337-BD2F-ECE434D68794}"
EndProject
Project("{FAE04EC0-301F-11D3-BF4B-00C04F79EFBC}") = "ADTS", "ADTS\ADTS.csproj", "{E032255A-AD56-44CD-8525-87293538E958}"
EndProject
Project("{FAE04EC0-301F-11D3-BF4B-00C04F79EFBC}") = "IEEE488", "IEEE488Transport\IEEE488.csproj", "{3FEC76C3-B933-4461-AA8D-85360D3F41C4}"
EndProject
Project("{FAE04EC0-301F-11D3-BF4B-00C04F79EFBC}") = "VisaDriver", "Drivers\VisaDriver\VisaDriver.csproj", "{CBEA7A6C-2EA6-4329-99EE-4290A9801A0A}"
EndProject
Project("{FAE04EC0-301F-11D3-BF4B-00C04F79EFBC}") = "PACESeries", "Drivers\PACESeries\PACESeries.csproj", "{3D3DB0EB-5B92-4D8F-8547-82FF7184C59A}"
EndProject
Project("{FAE04EC0-301F-11D3-BF4B-00C04F79EFBC}") = "ArchiveData", "ArchiveData\ArchiveData.csproj", "{26676346-C100-4CC9-869F-80175B33DF76}"
EndProject
Project("{2150E333-8FDC-42A3-9474-1A3956D46DE8}") = "Reports", "Reports", "{3ABCB0BA-C49C-4F76-BDF9-FA45D8C7BB8E}"
EndProject
Project("{FAE04EC0-301F-11D3-BF4B-00C04F79EFBC}") = "ReportService", "Reports\ReportService\ReportService.csproj", "{71E2479C-C370-44BD-B6E0-48AA88101E7B}"
EndProject
Project("{FAE04EC0-301F-11D3-BF4B-00C04F79EFBC}") = "ReportAdts", "Reports\ReportAdts\ReportAdts.csproj", "{6E898C9F-DC50-452F-A3BB-1C5002F3D74B}"
EndProject
Project("{FAE04EC0-301F-11D3-BF4B-00C04F79EFBC}") = "ADTSData", "ADTSData\ADTSData.csproj", "{B00215BC-0620-414B-83AB-6B88A152E0C2}"
EndProject
Project("{2150E333-8FDC-42A3-9474-1A3956D46DE8}") = "Checks", "Checks", "{AF06EF1D-E52D-4A6A-80C6-87F704F40E4C}"
EndProject
Project("{FAE04EC0-301F-11D3-BF4B-00C04F79EFBC}") = "ADTSChecks", "ADTSChecks\ADTSChecks.csproj", "{EF16E7B3-223E-4F66-9685-A6CCB3973C28}"
EndProject
Project("{FAE04EC0-301F-11D3-BF4B-00C04F79EFBC}") = "CheckFrame", "CheckFrame\CheckFrame.csproj", "{81B358FE-6B31-49FF-AB34-45CB960E57B6}"
EndProject
Project("{FAE04EC0-301F-11D3-BF4B-00C04F79EFBC}") = "Tools", "Tools\Tools.csproj", "{E53085F8-5740-43B1-B564-FAE5EF4C900A}"
EndProject
Project("{2150E333-8FDC-42A3-9474-1A3956D46DE8}") = "Services", "Services", "{FFD5C3FD-0B65-4ABC-9CED-76C333C3A535}"
EndProject
Project("{FAE04EC0-301F-11D3-BF4B-00C04F79EFBC}") = "MarkerService", "MarkerService\MarkerService.csproj", "{FBDCD95E-3006-4D82-B232-24CED8AA05F8}"
EndProject
Project("{FAE04EC0-301F-11D3-BF4B-00C04F79EFBC}") = "KipTM.Interfaces", "KipTM.Interfaces\KipTM.Interfaces.csproj", "{B8DBF9E3-03D3-457D-B889-D45E1C5131E4}"
EndProject
Project("{FAE04EC0-301F-11D3-BF4B-00C04F79EFBC}") = "Tools.View", "Tools.View\Tools.View.csproj", "{69AB619C-5B3A-4EE7-9318-73D92E75F812}"
EndProject
Project("{2150E333-8FDC-42A3-9474-1A3956D46DE8}") = "Core", "Core", "{64C7006B-47AF-4700-B733-6319BB185242}"
EndProject
Project("{FAE04EC0-301F-11D3-BF4B-00C04F79EFBC}") = "ADTSView", "ADTSView\ADTSView.csproj", "{EED0AD86-3041-4357-BDB8-D6FC2590151E}"
EndProject
Global
	GlobalSection(SolutionConfigurationPlatforms) = preSolution
		Debug|Any CPU = Debug|Any CPU
		Debug|Mixed Platforms = Debug|Mixed Platforms
		Debug|x86 = Debug|x86
		Emilation|Any CPU = Emilation|Any CPU
		Emilation|Mixed Platforms = Emilation|Mixed Platforms
		Emilation|x86 = Emilation|x86
		Release|Any CPU = Release|Any CPU
		Release|Mixed Platforms = Release|Mixed Platforms
		Release|x86 = Release|x86
	EndGlobalSection
	GlobalSection(ProjectConfigurationPlatforms) = postSolution
		{0D103F16-F896-4E97-9D92-AEDC7AB12F9D}.Debug|Any CPU.ActiveCfg = Debug|Any CPU
		{0D103F16-F896-4E97-9D92-AEDC7AB12F9D}.Debug|Any CPU.Build.0 = Debug|Any CPU
		{0D103F16-F896-4E97-9D92-AEDC7AB12F9D}.Debug|Mixed Platforms.ActiveCfg = Debug|Any CPU
		{0D103F16-F896-4E97-9D92-AEDC7AB12F9D}.Debug|Mixed Platforms.Build.0 = Debug|Any CPU
		{0D103F16-F896-4E97-9D92-AEDC7AB12F9D}.Debug|x86.ActiveCfg = Debug|Any CPU
		{0D103F16-F896-4E97-9D92-AEDC7AB12F9D}.Emilation|Any CPU.ActiveCfg = Release|Any CPU
		{0D103F16-F896-4E97-9D92-AEDC7AB12F9D}.Emilation|Any CPU.Build.0 = Release|Any CPU
		{0D103F16-F896-4E97-9D92-AEDC7AB12F9D}.Emilation|Mixed Platforms.ActiveCfg = Release|Any CPU
		{0D103F16-F896-4E97-9D92-AEDC7AB12F9D}.Emilation|Mixed Platforms.Build.0 = Release|Any CPU
		{0D103F16-F896-4E97-9D92-AEDC7AB12F9D}.Emilation|x86.ActiveCfg = Release|Any CPU
		{0D103F16-F896-4E97-9D92-AEDC7AB12F9D}.Release|Any CPU.ActiveCfg = Release|Any CPU
		{0D103F16-F896-4E97-9D92-AEDC7AB12F9D}.Release|Any CPU.Build.0 = Release|Any CPU
		{0D103F16-F896-4E97-9D92-AEDC7AB12F9D}.Release|Mixed Platforms.ActiveCfg = Release|Any CPU
		{0D103F16-F896-4E97-9D92-AEDC7AB12F9D}.Release|Mixed Platforms.Build.0 = Release|Any CPU
		{0D103F16-F896-4E97-9D92-AEDC7AB12F9D}.Release|x86.ActiveCfg = Release|Any CPU
		{FA8F1885-A429-4F3A-93B7-CB3FCEF61072}.Debug|Any CPU.ActiveCfg = Debug|Any CPU
		{FA8F1885-A429-4F3A-93B7-CB3FCEF61072}.Debug|Any CPU.Build.0 = Debug|Any CPU
		{FA8F1885-A429-4F3A-93B7-CB3FCEF61072}.Debug|Mixed Platforms.ActiveCfg = Debug|Any CPU
		{FA8F1885-A429-4F3A-93B7-CB3FCEF61072}.Debug|Mixed Platforms.Build.0 = Debug|Any CPU
		{FA8F1885-A429-4F3A-93B7-CB3FCEF61072}.Debug|x86.ActiveCfg = Debug|Any CPU
		{FA8F1885-A429-4F3A-93B7-CB3FCEF61072}.Emilation|Any CPU.ActiveCfg = Release|Any CPU
		{FA8F1885-A429-4F3A-93B7-CB3FCEF61072}.Emilation|Any CPU.Build.0 = Release|Any CPU
		{FA8F1885-A429-4F3A-93B7-CB3FCEF61072}.Emilation|Mixed Platforms.ActiveCfg = Release|Any CPU
		{FA8F1885-A429-4F3A-93B7-CB3FCEF61072}.Emilation|Mixed Platforms.Build.0 = Release|Any CPU
		{FA8F1885-A429-4F3A-93B7-CB3FCEF61072}.Emilation|x86.ActiveCfg = Release|Any CPU
		{FA8F1885-A429-4F3A-93B7-CB3FCEF61072}.Release|Any CPU.ActiveCfg = Release|Any CPU
		{FA8F1885-A429-4F3A-93B7-CB3FCEF61072}.Release|Any CPU.Build.0 = Release|Any CPU
		{FA8F1885-A429-4F3A-93B7-CB3FCEF61072}.Release|Mixed Platforms.ActiveCfg = Release|Any CPU
		{FA8F1885-A429-4F3A-93B7-CB3FCEF61072}.Release|Mixed Platforms.Build.0 = Release|Any CPU
		{FA8F1885-A429-4F3A-93B7-CB3FCEF61072}.Release|x86.ActiveCfg = Release|Any CPU
		{30E4408B-FFC2-495C-B7B4-8CF8E621D3DE}.Debug|Any CPU.ActiveCfg = Debug|Any CPU
		{30E4408B-FFC2-495C-B7B4-8CF8E621D3DE}.Debug|Any CPU.Build.0 = Debug|Any CPU
		{30E4408B-FFC2-495C-B7B4-8CF8E621D3DE}.Debug|Mixed Platforms.ActiveCfg = Debug|Any CPU
		{30E4408B-FFC2-495C-B7B4-8CF8E621D3DE}.Debug|Mixed Platforms.Build.0 = Debug|Any CPU
		{30E4408B-FFC2-495C-B7B4-8CF8E621D3DE}.Debug|x86.ActiveCfg = Debug|Any CPU
		{30E4408B-FFC2-495C-B7B4-8CF8E621D3DE}.Emilation|Any CPU.ActiveCfg = Release|Any CPU
		{30E4408B-FFC2-495C-B7B4-8CF8E621D3DE}.Emilation|Any CPU.Build.0 = Release|Any CPU
		{30E4408B-FFC2-495C-B7B4-8CF8E621D3DE}.Emilation|Mixed Platforms.ActiveCfg = Release|Any CPU
		{30E4408B-FFC2-495C-B7B4-8CF8E621D3DE}.Emilation|Mixed Platforms.Build.0 = Release|Any CPU
		{30E4408B-FFC2-495C-B7B4-8CF8E621D3DE}.Emilation|x86.ActiveCfg = Release|Any CPU
		{30E4408B-FFC2-495C-B7B4-8CF8E621D3DE}.Release|Any CPU.ActiveCfg = Release|Any CPU
		{30E4408B-FFC2-495C-B7B4-8CF8E621D3DE}.Release|Any CPU.Build.0 = Release|Any CPU
		{30E4408B-FFC2-495C-B7B4-8CF8E621D3DE}.Release|Mixed Platforms.ActiveCfg = Release|Any CPU
		{30E4408B-FFC2-495C-B7B4-8CF8E621D3DE}.Release|Mixed Platforms.Build.0 = Release|Any CPU
		{30E4408B-FFC2-495C-B7B4-8CF8E621D3DE}.Release|x86.ActiveCfg = Release|Any CPU
		{906003D7-94BB-401B-8135-54267B2C713F}.Debug|Any CPU.ActiveCfg = Debug|Any CPU
		{906003D7-94BB-401B-8135-54267B2C713F}.Debug|Any CPU.Build.0 = Debug|Any CPU
		{906003D7-94BB-401B-8135-54267B2C713F}.Debug|Mixed Platforms.ActiveCfg = Debug|Any CPU
		{906003D7-94BB-401B-8135-54267B2C713F}.Debug|Mixed Platforms.Build.0 = Debug|Any CPU
		{906003D7-94BB-401B-8135-54267B2C713F}.Debug|x86.ActiveCfg = Debug|Any CPU
		{906003D7-94BB-401B-8135-54267B2C713F}.Emilation|Any CPU.ActiveCfg = Release|Any CPU
		{906003D7-94BB-401B-8135-54267B2C713F}.Emilation|Any CPU.Build.0 = Release|Any CPU
		{906003D7-94BB-401B-8135-54267B2C713F}.Emilation|Mixed Platforms.ActiveCfg = Release|Any CPU
		{906003D7-94BB-401B-8135-54267B2C713F}.Emilation|Mixed Platforms.Build.0 = Release|Any CPU
		{906003D7-94BB-401B-8135-54267B2C713F}.Emilation|x86.ActiveCfg = Release|Any CPU
		{906003D7-94BB-401B-8135-54267B2C713F}.Release|Any CPU.ActiveCfg = Release|Any CPU
		{906003D7-94BB-401B-8135-54267B2C713F}.Release|Any CPU.Build.0 = Release|Any CPU
		{906003D7-94BB-401B-8135-54267B2C713F}.Release|Mixed Platforms.ActiveCfg = Release|Any CPU
		{906003D7-94BB-401B-8135-54267B2C713F}.Release|Mixed Platforms.Build.0 = Release|Any CPU
		{906003D7-94BB-401B-8135-54267B2C713F}.Release|x86.ActiveCfg = Release|Any CPU
		{75BD1817-C0A1-41B1-9F90-496F49A3DBD4}.Debug|Any CPU.ActiveCfg = Debug|x86
		{75BD1817-C0A1-41B1-9F90-496F49A3DBD4}.Debug|Mixed Platforms.ActiveCfg = Debug|x86
		{75BD1817-C0A1-41B1-9F90-496F49A3DBD4}.Debug|Mixed Platforms.Build.0 = Debug|x86
		{75BD1817-C0A1-41B1-9F90-496F49A3DBD4}.Debug|x86.ActiveCfg = Debug|x86
		{75BD1817-C0A1-41B1-9F90-496F49A3DBD4}.Debug|x86.Build.0 = Debug|x86
		{75BD1817-C0A1-41B1-9F90-496F49A3DBD4}.Emilation|Any CPU.ActiveCfg = Release|x86
		{75BD1817-C0A1-41B1-9F90-496F49A3DBD4}.Emilation|Mixed Platforms.ActiveCfg = Release|x86
		{75BD1817-C0A1-41B1-9F90-496F49A3DBD4}.Emilation|x86.ActiveCfg = Release|x86
		{75BD1817-C0A1-41B1-9F90-496F49A3DBD4}.Release|Any CPU.ActiveCfg = Release|x86
		{75BD1817-C0A1-41B1-9F90-496F49A3DBD4}.Release|Mixed Platforms.ActiveCfg = Release|x86
		{75BD1817-C0A1-41B1-9F90-496F49A3DBD4}.Release|Mixed Platforms.Build.0 = Release|x86
		{75BD1817-C0A1-41B1-9F90-496F49A3DBD4}.Release|x86.ActiveCfg = Release|x86
		{75BD1817-C0A1-41B1-9F90-496F49A3DBD4}.Release|x86.Build.0 = Release|x86
		{5DDFAB0D-1F66-4337-BD2F-ECE434D68794}.Debug|Any CPU.ActiveCfg = Debug|Any CPU
		{5DDFAB0D-1F66-4337-BD2F-ECE434D68794}.Debug|Any CPU.Build.0 = Debug|Any CPU
		{5DDFAB0D-1F66-4337-BD2F-ECE434D68794}.Debug|Mixed Platforms.ActiveCfg = Debug|Any CPU
		{5DDFAB0D-1F66-4337-BD2F-ECE434D68794}.Debug|Mixed Platforms.Build.0 = Debug|Any CPU
		{5DDFAB0D-1F66-4337-BD2F-ECE434D68794}.Debug|x86.ActiveCfg = Debug|Any CPU
		{5DDFAB0D-1F66-4337-BD2F-ECE434D68794}.Emilation|Any CPU.ActiveCfg = Release|Any CPU
		{5DDFAB0D-1F66-4337-BD2F-ECE434D68794}.Emilation|Any CPU.Build.0 = Release|Any CPU
		{5DDFAB0D-1F66-4337-BD2F-ECE434D68794}.Emilation|Mixed Platforms.ActiveCfg = Release|Any CPU
		{5DDFAB0D-1F66-4337-BD2F-ECE434D68794}.Emilation|Mixed Platforms.Build.0 = Release|Any CPU
		{5DDFAB0D-1F66-4337-BD2F-ECE434D68794}.Emilation|x86.ActiveCfg = Release|Any CPU
		{5DDFAB0D-1F66-4337-BD2F-ECE434D68794}.Release|Any CPU.ActiveCfg = Release|Any CPU
		{5DDFAB0D-1F66-4337-BD2F-ECE434D68794}.Release|Any CPU.Build.0 = Release|Any CPU
		{5DDFAB0D-1F66-4337-BD2F-ECE434D68794}.Release|Mixed Platforms.ActiveCfg = Release|Any CPU
		{5DDFAB0D-1F66-4337-BD2F-ECE434D68794}.Release|Mixed Platforms.Build.0 = Release|Any CPU
		{5DDFAB0D-1F66-4337-BD2F-ECE434D68794}.Release|x86.ActiveCfg = Release|Any CPU
		{E032255A-AD56-44CD-8525-87293538E958}.Debug|Any CPU.ActiveCfg = Debug|Any CPU
		{E032255A-AD56-44CD-8525-87293538E958}.Debug|Any CPU.Build.0 = Debug|Any CPU
		{E032255A-AD56-44CD-8525-87293538E958}.Debug|Mixed Platforms.ActiveCfg = Debug|Any CPU
		{E032255A-AD56-44CD-8525-87293538E958}.Debug|Mixed Platforms.Build.0 = Debug|Any CPU
		{E032255A-AD56-44CD-8525-87293538E958}.Debug|x86.ActiveCfg = Debug|Any CPU
		{E032255A-AD56-44CD-8525-87293538E958}.Emilation|Any CPU.ActiveCfg = Release|Any CPU
		{E032255A-AD56-44CD-8525-87293538E958}.Emilation|Any CPU.Build.0 = Release|Any CPU
		{E032255A-AD56-44CD-8525-87293538E958}.Emilation|Mixed Platforms.ActiveCfg = Release|Any CPU
		{E032255A-AD56-44CD-8525-87293538E958}.Emilation|Mixed Platforms.Build.0 = Release|Any CPU
		{E032255A-AD56-44CD-8525-87293538E958}.Emilation|x86.ActiveCfg = Release|Any CPU
		{E032255A-AD56-44CD-8525-87293538E958}.Release|Any CPU.ActiveCfg = Release|Any CPU
		{E032255A-AD56-44CD-8525-87293538E958}.Release|Any CPU.Build.0 = Release|Any CPU
		{E032255A-AD56-44CD-8525-87293538E958}.Release|Mixed Platforms.ActiveCfg = Release|Any CPU
		{E032255A-AD56-44CD-8525-87293538E958}.Release|Mixed Platforms.Build.0 = Release|Any CPU
		{E032255A-AD56-44CD-8525-87293538E958}.Release|x86.ActiveCfg = Release|Any CPU
		{3FEC76C3-B933-4461-AA8D-85360D3F41C4}.Debug|Any CPU.ActiveCfg = Debug|Any CPU
		{3FEC76C3-B933-4461-AA8D-85360D3F41C4}.Debug|Any CPU.Build.0 = Debug|Any CPU
		{3FEC76C3-B933-4461-AA8D-85360D3F41C4}.Debug|Mixed Platforms.ActiveCfg = Debug|Any CPU
		{3FEC76C3-B933-4461-AA8D-85360D3F41C4}.Debug|Mixed Platforms.Build.0 = Debug|Any CPU
		{3FEC76C3-B933-4461-AA8D-85360D3F41C4}.Debug|x86.ActiveCfg = Debug|Any CPU
		{3FEC76C3-B933-4461-AA8D-85360D3F41C4}.Emilation|Any CPU.ActiveCfg = Release|Any CPU
		{3FEC76C3-B933-4461-AA8D-85360D3F41C4}.Emilation|Any CPU.Build.0 = Release|Any CPU
		{3FEC76C3-B933-4461-AA8D-85360D3F41C4}.Emilation|Mixed Platforms.ActiveCfg = Release|Any CPU
		{3FEC76C3-B933-4461-AA8D-85360D3F41C4}.Emilation|Mixed Platforms.Build.0 = Release|Any CPU
		{3FEC76C3-B933-4461-AA8D-85360D3F41C4}.Emilation|x86.ActiveCfg = Release|Any CPU
		{3FEC76C3-B933-4461-AA8D-85360D3F41C4}.Release|Any CPU.ActiveCfg = Release|Any CPU
		{3FEC76C3-B933-4461-AA8D-85360D3F41C4}.Release|Any CPU.Build.0 = Release|Any CPU
		{3FEC76C3-B933-4461-AA8D-85360D3F41C4}.Release|Mixed Platforms.ActiveCfg = Release|Any CPU
		{3FEC76C3-B933-4461-AA8D-85360D3F41C4}.Release|Mixed Platforms.Build.0 = Release|Any CPU
		{3FEC76C3-B933-4461-AA8D-85360D3F41C4}.Release|x86.ActiveCfg = Release|Any CPU
		{CBEA7A6C-2EA6-4329-99EE-4290A9801A0A}.Debug|Any CPU.ActiveCfg = Debug|Any CPU
		{CBEA7A6C-2EA6-4329-99EE-4290A9801A0A}.Debug|Any CPU.Build.0 = Debug|Any CPU
		{CBEA7A6C-2EA6-4329-99EE-4290A9801A0A}.Debug|Mixed Platforms.ActiveCfg = Debug|Any CPU
		{CBEA7A6C-2EA6-4329-99EE-4290A9801A0A}.Debug|Mixed Platforms.Build.0 = Debug|Any CPU
		{CBEA7A6C-2EA6-4329-99EE-4290A9801A0A}.Debug|x86.ActiveCfg = Debug|Any CPU
		{CBEA7A6C-2EA6-4329-99EE-4290A9801A0A}.Emilation|Any CPU.ActiveCfg = Release|Any CPU
		{CBEA7A6C-2EA6-4329-99EE-4290A9801A0A}.Emilation|Any CPU.Build.0 = Release|Any CPU
		{CBEA7A6C-2EA6-4329-99EE-4290A9801A0A}.Emilation|Mixed Platforms.ActiveCfg = Release|Any CPU
		{CBEA7A6C-2EA6-4329-99EE-4290A9801A0A}.Emilation|Mixed Platforms.Build.0 = Release|Any CPU
		{CBEA7A6C-2EA6-4329-99EE-4290A9801A0A}.Emilation|x86.ActiveCfg = Release|Any CPU
		{CBEA7A6C-2EA6-4329-99EE-4290A9801A0A}.Release|Any CPU.ActiveCfg = Release|Any CPU
		{CBEA7A6C-2EA6-4329-99EE-4290A9801A0A}.Release|Any CPU.Build.0 = Release|Any CPU
		{CBEA7A6C-2EA6-4329-99EE-4290A9801A0A}.Release|Mixed Platforms.ActiveCfg = Release|Any CPU
		{CBEA7A6C-2EA6-4329-99EE-4290A9801A0A}.Release|Mixed Platforms.Build.0 = Release|Any CPU
		{CBEA7A6C-2EA6-4329-99EE-4290A9801A0A}.Release|x86.ActiveCfg = Release|Any CPU
		{3D3DB0EB-5B92-4D8F-8547-82FF7184C59A}.Debug|Any CPU.ActiveCfg = Debug|Any CPU
		{3D3DB0EB-5B92-4D8F-8547-82FF7184C59A}.Debug|Any CPU.Build.0 = Debug|Any CPU
		{3D3DB0EB-5B92-4D8F-8547-82FF7184C59A}.Debug|Mixed Platforms.ActiveCfg = Debug|Any CPU
		{3D3DB0EB-5B92-4D8F-8547-82FF7184C59A}.Debug|Mixed Platforms.Build.0 = Debug|Any CPU
		{3D3DB0EB-5B92-4D8F-8547-82FF7184C59A}.Debug|x86.ActiveCfg = Debug|Any CPU
		{3D3DB0EB-5B92-4D8F-8547-82FF7184C59A}.Emilation|Any CPU.ActiveCfg = Release|Any CPU
		{3D3DB0EB-5B92-4D8F-8547-82FF7184C59A}.Emilation|Any CPU.Build.0 = Release|Any CPU
		{3D3DB0EB-5B92-4D8F-8547-82FF7184C59A}.Emilation|Mixed Platforms.ActiveCfg = Release|Any CPU
		{3D3DB0EB-5B92-4D8F-8547-82FF7184C59A}.Emilation|Mixed Platforms.Build.0 = Release|Any CPU
		{3D3DB0EB-5B92-4D8F-8547-82FF7184C59A}.Emilation|x86.ActiveCfg = Release|Any CPU
		{3D3DB0EB-5B92-4D8F-8547-82FF7184C59A}.Release|Any CPU.ActiveCfg = Release|Any CPU
		{3D3DB0EB-5B92-4D8F-8547-82FF7184C59A}.Release|Any CPU.Build.0 = Release|Any CPU
		{3D3DB0EB-5B92-4D8F-8547-82FF7184C59A}.Release|Mixed Platforms.ActiveCfg = Release|Any CPU
		{3D3DB0EB-5B92-4D8F-8547-82FF7184C59A}.Release|Mixed Platforms.Build.0 = Release|Any CPU
		{3D3DB0EB-5B92-4D8F-8547-82FF7184C59A}.Release|x86.ActiveCfg = Release|Any CPU
		{26676346-C100-4CC9-869F-80175B33DF76}.Debug|Any CPU.ActiveCfg = Debug|Any CPU
		{26676346-C100-4CC9-869F-80175B33DF76}.Debug|Any CPU.Build.0 = Debug|Any CPU
		{26676346-C100-4CC9-869F-80175B33DF76}.Debug|Mixed Platforms.ActiveCfg = Debug|Any CPU
		{26676346-C100-4CC9-869F-80175B33DF76}.Debug|Mixed Platforms.Build.0 = Debug|Any CPU
		{26676346-C100-4CC9-869F-80175B33DF76}.Debug|x86.ActiveCfg = Debug|Any CPU
		{26676346-C100-4CC9-869F-80175B33DF76}.Emilation|Any CPU.ActiveCfg = Release|Any CPU
		{26676346-C100-4CC9-869F-80175B33DF76}.Emilation|Any CPU.Build.0 = Release|Any CPU
		{26676346-C100-4CC9-869F-80175B33DF76}.Emilation|Mixed Platforms.ActiveCfg = Release|Any CPU
		{26676346-C100-4CC9-869F-80175B33DF76}.Emilation|Mixed Platforms.Build.0 = Release|Any CPU
		{26676346-C100-4CC9-869F-80175B33DF76}.Emilation|x86.ActiveCfg = Release|Any CPU
		{26676346-C100-4CC9-869F-80175B33DF76}.Release|Any CPU.ActiveCfg = Release|Any CPU
		{26676346-C100-4CC9-869F-80175B33DF76}.Release|Any CPU.Build.0 = Release|Any CPU
		{26676346-C100-4CC9-869F-80175B33DF76}.Release|Mixed Platforms.ActiveCfg = Release|Any CPU
		{26676346-C100-4CC9-869F-80175B33DF76}.Release|Mixed Platforms.Build.0 = Release|Any CPU
		{26676346-C100-4CC9-869F-80175B33DF76}.Release|x86.ActiveCfg = Release|Any CPU
		{71E2479C-C370-44BD-B6E0-48AA88101E7B}.Debug|Any CPU.ActiveCfg = Debug|Any CPU
		{71E2479C-C370-44BD-B6E0-48AA88101E7B}.Debug|Any CPU.Build.0 = Debug|Any CPU
		{71E2479C-C370-44BD-B6E0-48AA88101E7B}.Debug|Mixed Platforms.ActiveCfg = Debug|Any CPU
		{71E2479C-C370-44BD-B6E0-48AA88101E7B}.Debug|Mixed Platforms.Build.0 = Debug|Any CPU
		{71E2479C-C370-44BD-B6E0-48AA88101E7B}.Debug|x86.ActiveCfg = Debug|Any CPU
		{71E2479C-C370-44BD-B6E0-48AA88101E7B}.Emilation|Any CPU.ActiveCfg = Release|Any CPU
		{71E2479C-C370-44BD-B6E0-48AA88101E7B}.Emilation|Any CPU.Build.0 = Release|Any CPU
		{71E2479C-C370-44BD-B6E0-48AA88101E7B}.Emilation|Mixed Platforms.ActiveCfg = Release|Any CPU
		{71E2479C-C370-44BD-B6E0-48AA88101E7B}.Emilation|Mixed Platforms.Build.0 = Release|Any CPU
		{71E2479C-C370-44BD-B6E0-48AA88101E7B}.Emilation|x86.ActiveCfg = Release|Any CPU
		{71E2479C-C370-44BD-B6E0-48AA88101E7B}.Release|Any CPU.ActiveCfg = Release|Any CPU
		{71E2479C-C370-44BD-B6E0-48AA88101E7B}.Release|Any CPU.Build.0 = Release|Any CPU
		{71E2479C-C370-44BD-B6E0-48AA88101E7B}.Release|Mixed Platforms.ActiveCfg = Release|Any CPU
		{71E2479C-C370-44BD-B6E0-48AA88101E7B}.Release|Mixed Platforms.Build.0 = Release|Any CPU
		{71E2479C-C370-44BD-B6E0-48AA88101E7B}.Release|x86.ActiveCfg = Release|Any CPU
		{6E898C9F-DC50-452F-A3BB-1C5002F3D74B}.Debug|Any CPU.ActiveCfg = Debug|Any CPU
		{6E898C9F-DC50-452F-A3BB-1C5002F3D74B}.Debug|Any CPU.Build.0 = Debug|Any CPU
		{6E898C9F-DC50-452F-A3BB-1C5002F3D74B}.Debug|Mixed Platforms.ActiveCfg = Debug|Any CPU
		{6E898C9F-DC50-452F-A3BB-1C5002F3D74B}.Debug|Mixed Platforms.Build.0 = Debug|Any CPU
		{6E898C9F-DC50-452F-A3BB-1C5002F3D74B}.Debug|x86.ActiveCfg = Debug|Any CPU
		{6E898C9F-DC50-452F-A3BB-1C5002F3D74B}.Emilation|Any CPU.ActiveCfg = Release|Any CPU
		{6E898C9F-DC50-452F-A3BB-1C5002F3D74B}.Emilation|Any CPU.Build.0 = Release|Any CPU
		{6E898C9F-DC50-452F-A3BB-1C5002F3D74B}.Emilation|Mixed Platforms.ActiveCfg = Release|Any CPU
		{6E898C9F-DC50-452F-A3BB-1C5002F3D74B}.Emilation|Mixed Platforms.Build.0 = Release|Any CPU
		{6E898C9F-DC50-452F-A3BB-1C5002F3D74B}.Emilation|x86.ActiveCfg = Release|Any CPU
		{6E898C9F-DC50-452F-A3BB-1C5002F3D74B}.Release|Any CPU.ActiveCfg = Release|Any CPU
		{6E898C9F-DC50-452F-A3BB-1C5002F3D74B}.Release|Any CPU.Build.0 = Release|Any CPU
		{6E898C9F-DC50-452F-A3BB-1C5002F3D74B}.Release|Mixed Platforms.ActiveCfg = Release|Any CPU
		{6E898C9F-DC50-452F-A3BB-1C5002F3D74B}.Release|Mixed Platforms.Build.0 = Release|Any CPU
		{6E898C9F-DC50-452F-A3BB-1C5002F3D74B}.Release|x86.ActiveCfg = Release|Any CPU
		{B00215BC-0620-414B-83AB-6B88A152E0C2}.Debug|Any CPU.ActiveCfg = Debug|Any CPU
		{B00215BC-0620-414B-83AB-6B88A152E0C2}.Debug|Any CPU.Build.0 = Debug|Any CPU
		{B00215BC-0620-414B-83AB-6B88A152E0C2}.Debug|Mixed Platforms.ActiveCfg = Debug|Any CPU
		{B00215BC-0620-414B-83AB-6B88A152E0C2}.Debug|Mixed Platforms.Build.0 = Debug|Any CPU
		{B00215BC-0620-414B-83AB-6B88A152E0C2}.Debug|x86.ActiveCfg = Debug|Any CPU
		{B00215BC-0620-414B-83AB-6B88A152E0C2}.Emilation|Any CPU.ActiveCfg = Release|Any CPU
		{B00215BC-0620-414B-83AB-6B88A152E0C2}.Emilation|Any CPU.Build.0 = Release|Any CPU
		{B00215BC-0620-414B-83AB-6B88A152E0C2}.Emilation|Mixed Platforms.ActiveCfg = Release|Any CPU
		{B00215BC-0620-414B-83AB-6B88A152E0C2}.Emilation|Mixed Platforms.Build.0 = Release|Any CPU
		{B00215BC-0620-414B-83AB-6B88A152E0C2}.Emilation|x86.ActiveCfg = Release|Any CPU
		{B00215BC-0620-414B-83AB-6B88A152E0C2}.Release|Any CPU.ActiveCfg = Release|Any CPU
		{B00215BC-0620-414B-83AB-6B88A152E0C2}.Release|Any CPU.Build.0 = Release|Any CPU
		{B00215BC-0620-414B-83AB-6B88A152E0C2}.Release|Mixed Platforms.ActiveCfg = Release|Any CPU
		{B00215BC-0620-414B-83AB-6B88A152E0C2}.Release|Mixed Platforms.Build.0 = Release|Any CPU
		{B00215BC-0620-414B-83AB-6B88A152E0C2}.Release|x86.ActiveCfg = Release|Any CPU
		{EF16E7B3-223E-4F66-9685-A6CCB3973C28}.Debug|Any CPU.ActiveCfg = Debug|Any CPU
		{EF16E7B3-223E-4F66-9685-A6CCB3973C28}.Debug|Any CPU.Build.0 = Debug|Any CPU
		{EF16E7B3-223E-4F66-9685-A6CCB3973C28}.Debug|Mixed Platforms.ActiveCfg = Debug|Any CPU
		{EF16E7B3-223E-4F66-9685-A6CCB3973C28}.Debug|Mixed Platforms.Build.0 = Debug|Any CPU
		{EF16E7B3-223E-4F66-9685-A6CCB3973C28}.Debug|x86.ActiveCfg = Debug|Any CPU
		{EF16E7B3-223E-4F66-9685-A6CCB3973C28}.Emilation|Any CPU.ActiveCfg = Release|Any CPU
		{EF16E7B3-223E-4F66-9685-A6CCB3973C28}.Emilation|Mixed Platforms.ActiveCfg = Release|Any CPU
		{EF16E7B3-223E-4F66-9685-A6CCB3973C28}.Emilation|x86.ActiveCfg = Release|Any CPU
		{EF16E7B3-223E-4F66-9685-A6CCB3973C28}.Release|Any CPU.ActiveCfg = Release|Any CPU
		{EF16E7B3-223E-4F66-9685-A6CCB3973C28}.Release|Any CPU.Build.0 = Release|Any CPU
		{EF16E7B3-223E-4F66-9685-A6CCB3973C28}.Release|Mixed Platforms.ActiveCfg = Release|Any CPU
		{EF16E7B3-223E-4F66-9685-A6CCB3973C28}.Release|Mixed Platforms.Build.0 = Release|Any CPU
		{EF16E7B3-223E-4F66-9685-A6CCB3973C28}.Release|x86.ActiveCfg = Release|Any CPU
		{81B358FE-6B31-49FF-AB34-45CB960E57B6}.Debug|Any CPU.ActiveCfg = Debug|Any CPU
		{81B358FE-6B31-49FF-AB34-45CB960E57B6}.Debug|Any CPU.Build.0 = Debug|Any CPU
		{81B358FE-6B31-49FF-AB34-45CB960E57B6}.Debug|Mixed Platforms.ActiveCfg = Debug|Any CPU
		{81B358FE-6B31-49FF-AB34-45CB960E57B6}.Debug|Mixed Platforms.Build.0 = Debug|Any CPU
		{81B358FE-6B31-49FF-AB34-45CB960E57B6}.Debug|x86.ActiveCfg = Debug|Any CPU
		{81B358FE-6B31-49FF-AB34-45CB960E57B6}.Emilation|Any CPU.ActiveCfg = Release|Any CPU
		{81B358FE-6B31-49FF-AB34-45CB960E57B6}.Emilation|Mixed Platforms.ActiveCfg = Release|Any CPU
		{81B358FE-6B31-49FF-AB34-45CB960E57B6}.Emilation|x86.ActiveCfg = Release|Any CPU
		{81B358FE-6B31-49FF-AB34-45CB960E57B6}.Release|Any CPU.ActiveCfg = Release|Any CPU
		{81B358FE-6B31-49FF-AB34-45CB960E57B6}.Release|Any CPU.Build.0 = Release|Any CPU
		{81B358FE-6B31-49FF-AB34-45CB960E57B6}.Release|Mixed Platforms.ActiveCfg = Release|Any CPU
		{81B358FE-6B31-49FF-AB34-45CB960E57B6}.Release|Mixed Platforms.Build.0 = Release|Any CPU
		{81B358FE-6B31-49FF-AB34-45CB960E57B6}.Release|x86.ActiveCfg = Release|Any CPU
		{E53085F8-5740-43B1-B564-FAE5EF4C900A}.Debug|Any CPU.ActiveCfg = Debug|Any CPU
		{E53085F8-5740-43B1-B564-FAE5EF4C900A}.Debug|Any CPU.Build.0 = Debug|Any CPU
		{E53085F8-5740-43B1-B564-FAE5EF4C900A}.Debug|Mixed Platforms.ActiveCfg = Debug|Any CPU
		{E53085F8-5740-43B1-B564-FAE5EF4C900A}.Debug|Mixed Platforms.Build.0 = Debug|Any CPU
		{E53085F8-5740-43B1-B564-FAE5EF4C900A}.Debug|x86.ActiveCfg = Debug|Any CPU
		{E53085F8-5740-43B1-B564-FAE5EF4C900A}.Emilation|Any CPU.ActiveCfg = Emilation|Any CPU
		{E53085F8-5740-43B1-B564-FAE5EF4C900A}.Emilation|Any CPU.Build.0 = Emilation|Any CPU
		{E53085F8-5740-43B1-B564-FAE5EF4C900A}.Emilation|Mixed Platforms.ActiveCfg = Emilation|Any CPU
		{E53085F8-5740-43B1-B564-FAE5EF4C900A}.Emilation|Mixed Platforms.Build.0 = Emilation|Any CPU
		{E53085F8-5740-43B1-B564-FAE5EF4C900A}.Emilation|x86.ActiveCfg = Emilation|Any CPU
		{E53085F8-5740-43B1-B564-FAE5EF4C900A}.Release|Any CPU.ActiveCfg = Release|Any CPU
		{E53085F8-5740-43B1-B564-FAE5EF4C900A}.Release|Any CPU.Build.0 = Release|Any CPU
		{E53085F8-5740-43B1-B564-FAE5EF4C900A}.Release|Mixed Platforms.ActiveCfg = Release|Any CPU
		{E53085F8-5740-43B1-B564-FAE5EF4C900A}.Release|Mixed Platforms.Build.0 = Release|Any CPU
		{E53085F8-5740-43B1-B564-FAE5EF4C900A}.Release|x86.ActiveCfg = Release|Any CPU
		{FBDCD95E-3006-4D82-B232-24CED8AA05F8}.Debug|Any CPU.ActiveCfg = Debug|Any CPU
		{FBDCD95E-3006-4D82-B232-24CED8AA05F8}.Debug|Any CPU.Build.0 = Debug|Any CPU
		{FBDCD95E-3006-4D82-B232-24CED8AA05F8}.Debug|Mixed Platforms.ActiveCfg = Debug|Any CPU
		{FBDCD95E-3006-4D82-B232-24CED8AA05F8}.Debug|Mixed Platforms.Build.0 = Debug|Any CPU
		{FBDCD95E-3006-4D82-B232-24CED8AA05F8}.Debug|x86.ActiveCfg = Debug|Any CPU
		{FBDCD95E-3006-4D82-B232-24CED8AA05F8}.Emilation|Any CPU.ActiveCfg = Release|Any CPU
		{FBDCD95E-3006-4D82-B232-24CED8AA05F8}.Emilation|Any CPU.Build.0 = Release|Any CPU
		{FBDCD95E-3006-4D82-B232-24CED8AA05F8}.Emilation|Mixed Platforms.ActiveCfg = Release|Any CPU
		{FBDCD95E-3006-4D82-B232-24CED8AA05F8}.Emilation|Mixed Platforms.Build.0 = Release|Any CPU
		{FBDCD95E-3006-4D82-B232-24CED8AA05F8}.Emilation|x86.ActiveCfg = Release|Any CPU
		{FBDCD95E-3006-4D82-B232-24CED8AA05F8}.Release|Any CPU.ActiveCfg = Release|Any CPU
		{FBDCD95E-3006-4D82-B232-24CED8AA05F8}.Release|Any CPU.Build.0 = Release|Any CPU
		{FBDCD95E-3006-4D82-B232-24CED8AA05F8}.Release|Mixed Platforms.ActiveCfg = Release|Any CPU
		{FBDCD95E-3006-4D82-B232-24CED8AA05F8}.Release|Mixed Platforms.Build.0 = Release|Any CPU
		{FBDCD95E-3006-4D82-B232-24CED8AA05F8}.Release|x86.ActiveCfg = Release|Any CPU
		{B8DBF9E3-03D3-457D-B889-D45E1C5131E4}.Debug|Any CPU.ActiveCfg = Debug|Any CPU
		{B8DBF9E3-03D3-457D-B889-D45E1C5131E4}.Debug|Any CPU.Build.0 = Debug|Any CPU
		{B8DBF9E3-03D3-457D-B889-D45E1C5131E4}.Debug|Mixed Platforms.ActiveCfg = Debug|Any CPU
		{B8DBF9E3-03D3-457D-B889-D45E1C5131E4}.Debug|Mixed Platforms.Build.0 = Debug|Any CPU
		{B8DBF9E3-03D3-457D-B889-D45E1C5131E4}.Debug|x86.ActiveCfg = Debug|Any CPU
		{B8DBF9E3-03D3-457D-B889-D45E1C5131E4}.Emilation|Any CPU.ActiveCfg = Release|Any CPU
		{B8DBF9E3-03D3-457D-B889-D45E1C5131E4}.Emilation|Any CPU.Build.0 = Release|Any CPU
		{B8DBF9E3-03D3-457D-B889-D45E1C5131E4}.Emilation|Mixed Platforms.ActiveCfg = Release|Any CPU
		{B8DBF9E3-03D3-457D-B889-D45E1C5131E4}.Emilation|Mixed Platforms.Build.0 = Release|Any CPU
		{B8DBF9E3-03D3-457D-B889-D45E1C5131E4}.Emilation|x86.ActiveCfg = Release|Any CPU
		{B8DBF9E3-03D3-457D-B889-D45E1C5131E4}.Release|Any CPU.ActiveCfg = Release|Any CPU
		{B8DBF9E3-03D3-457D-B889-D45E1C5131E4}.Release|Any CPU.Build.0 = Release|Any CPU
		{B8DBF9E3-03D3-457D-B889-D45E1C5131E4}.Release|Mixed Platforms.ActiveCfg = Release|Any CPU
		{B8DBF9E3-03D3-457D-B889-D45E1C5131E4}.Release|Mixed Platforms.Build.0 = Release|Any CPU
		{B8DBF9E3-03D3-457D-B889-D45E1C5131E4}.Release|x86.ActiveCfg = Release|Any CPU
		{69AB619C-5B3A-4EE7-9318-73D92E75F812}.Debug|Any CPU.ActiveCfg = Debug|Any CPU
		{69AB619C-5B3A-4EE7-9318-73D92E75F812}.Debug|Any CPU.Build.0 = Debug|Any CPU
		{69AB619C-5B3A-4EE7-9318-73D92E75F812}.Debug|Mixed Platforms.ActiveCfg = Debug|Any CPU
		{69AB619C-5B3A-4EE7-9318-73D92E75F812}.Debug|Mixed Platforms.Build.0 = Debug|Any CPU
		{69AB619C-5B3A-4EE7-9318-73D92E75F812}.Debug|x86.ActiveCfg = Debug|Any CPU
		{69AB619C-5B3A-4EE7-9318-73D92E75F812}.Emilation|Any CPU.ActiveCfg = Release|Any CPU
		{69AB619C-5B3A-4EE7-9318-73D92E75F812}.Emilation|Any CPU.Build.0 = Release|Any CPU
		{69AB619C-5B3A-4EE7-9318-73D92E75F812}.Emilation|Mixed Platforms.ActiveCfg = Release|Any CPU
		{69AB619C-5B3A-4EE7-9318-73D92E75F812}.Emilation|Mixed Platforms.Build.0 = Release|Any CPU
		{69AB619C-5B3A-4EE7-9318-73D92E75F812}.Emilation|x86.ActiveCfg = Release|Any CPU
		{69AB619C-5B3A-4EE7-9318-73D92E75F812}.Release|Any CPU.ActiveCfg = Release|Any CPU
		{69AB619C-5B3A-4EE7-9318-73D92E75F812}.Release|Any CPU.Build.0 = Release|Any CPU
		{69AB619C-5B3A-4EE7-9318-73D92E75F812}.Release|Mixed Platforms.ActiveCfg = Release|Any CPU
		{69AB619C-5B3A-4EE7-9318-73D92E75F812}.Release|Mixed Platforms.Build.0 = Release|Any CPU
		{69AB619C-5B3A-4EE7-9318-73D92E75F812}.Release|x86.ActiveCfg = Release|Any CPU
		{EED0AD86-3041-4357-BDB8-D6FC2590151E}.Debug|Any CPU.ActiveCfg = Debug|Any CPU
		{EED0AD86-3041-4357-BDB8-D6FC2590151E}.Debug|Any CPU.Build.0 = Debug|Any CPU
		{EED0AD86-3041-4357-BDB8-D6FC2590151E}.Debug|Mixed Platforms.ActiveCfg = Debug|Any CPU
		{EED0AD86-3041-4357-BDB8-D6FC2590151E}.Debug|Mixed Platforms.Build.0 = Debug|Any CPU
		{EED0AD86-3041-4357-BDB8-D6FC2590151E}.Debug|x86.ActiveCfg = Debug|Any CPU
		{EED0AD86-3041-4357-BDB8-D6FC2590151E}.Emilation|Any CPU.ActiveCfg = Release|Any CPU
		{EED0AD86-3041-4357-BDB8-D6FC2590151E}.Emilation|Any CPU.Build.0 = Release|Any CPU
		{EED0AD86-3041-4357-BDB8-D6FC2590151E}.Emilation|Mixed Platforms.ActiveCfg = Release|Any CPU
		{EED0AD86-3041-4357-BDB8-D6FC2590151E}.Emilation|Mixed Platforms.Build.0 = Release|Any CPU
		{EED0AD86-3041-4357-BDB8-D6FC2590151E}.Emilation|x86.ActiveCfg = Release|Any CPU
		{EED0AD86-3041-4357-BDB8-D6FC2590151E}.Release|Any CPU.ActiveCfg = Release|Any CPU
		{EED0AD86-3041-4357-BDB8-D6FC2590151E}.Release|Any CPU.Build.0 = Release|Any CPU
		{EED0AD86-3041-4357-BDB8-D6FC2590151E}.Release|Mixed Platforms.ActiveCfg = Release|Any CPU
		{EED0AD86-3041-4357-BDB8-D6FC2590151E}.Release|Mixed Platforms.Build.0 = Release|Any CPU
		{EED0AD86-3041-4357-BDB8-D6FC2590151E}.Release|x86.ActiveCfg = Release|Any CPU
	EndGlobalSection
	GlobalSection(SolutionProperties) = preSolution
		HideSolutionNode = FALSE
	EndGlobalSection
	GlobalSection(NestedProjects) = preSolution
		{E032255A-AD56-44CD-8525-87293538E958} = {9DCFA936-EB09-4076-8CEA-90AC31DB4EDC}
		{3FEC76C3-B933-4461-AA8D-85360D3F41C4} = {9DCFA936-EB09-4076-8CEA-90AC31DB4EDC}
		{CBEA7A6C-2EA6-4329-99EE-4290A9801A0A} = {9DCFA936-EB09-4076-8CEA-90AC31DB4EDC}
		{3D3DB0EB-5B92-4D8F-8547-82FF7184C59A} = {9DCFA936-EB09-4076-8CEA-90AC31DB4EDC}
		{30E4408B-FFC2-495C-B7B4-8CF8E621D3DE} = {9BF53230-FBD5-4FD3-AC24-E173B3000CC9}
		{906003D7-94BB-401B-8135-54267B2C713F} = {AFC29171-8CF7-4974-B9F7-CAAA0627D56A}
		{5DDFAB0D-1F66-4337-BD2F-ECE434D68794} = {D30AAB61-39FF-405A-9824-C7E062D2BA3D}
		{26676346-C100-4CC9-869F-80175B33DF76} = {D30AAB61-39FF-405A-9824-C7E062D2BA3D}
		{B00215BC-0620-414B-83AB-6B88A152E0C2} = {D30AAB61-39FF-405A-9824-C7E062D2BA3D}
		{71E2479C-C370-44BD-B6E0-48AA88101E7B} = {3ABCB0BA-C49C-4F76-BDF9-FA45D8C7BB8E}
		{6E898C9F-DC50-452F-A3BB-1C5002F3D74B} = {3ABCB0BA-C49C-4F76-BDF9-FA45D8C7BB8E}
		{EF16E7B3-223E-4F66-9685-A6CCB3973C28} = {AF06EF1D-E52D-4A6A-80C6-87F704F40E4C}
		{EED0AD86-3041-4357-BDB8-D6FC2590151E} = {AF06EF1D-E52D-4A6A-80C6-87F704F40E4C}
		{81B358FE-6B31-49FF-AB34-45CB960E57B6} = {64C7006B-47AF-4700-B733-6319BB185242}
		{FBDCD95E-3006-4D82-B232-24CED8AA05F8} = {FFD5C3FD-0B65-4ABC-9CED-76C333C3A535}
	EndGlobalSection
EndGlobal
