
Microsoft Visual Studio Solution File, Format Version 12.00
# Visual Studio 14
VisualStudioVersion = 14.0.25420.1
MinimumVisualStudioVersion = 10.0.40219.1
Project("{FAE04EC0-301F-11D3-BF4B-00C04F79EFBC}") = "PACESeriesUtil", "PACESeriesUtil.csproj", "{5D174824-A81C-40DC-9B01-A740D18D1A09}"
EndProject
Project("{FAE04EC0-301F-11D3-BF4B-00C04F79EFBC}") = "PACESeries", "..\PACESeries\PACESeries.csproj", "{3D3DB0EB-5B92-4D8F-8547-82FF7184C59A}"
EndProject
Project("{FAE04EC0-301F-11D3-BF4B-00C04F79EFBC}") = "VisaDriver", "..\VisaDriver\VisaDriver.csproj", "{CBEA7A6C-2EA6-4329-99EE-4290A9801A0A}"
EndProject
Project("{FAE04EC0-301F-11D3-BF4B-00C04F79EFBC}") = "IEEE488", "..\..\IEEE488Transport\IEEE488.csproj", "{3FEC76C3-B933-4461-AA8D-85360D3F41C4}"
EndProject
Project("{FAE04EC0-301F-11D3-BF4B-00C04F79EFBC}") = "Tools.View", "..\..\Tools.View\Tools.View.csproj", "{69AB619C-5B3A-4EE7-9318-73D92E75F812}"
EndProject
Project("{FAE04EC0-301F-11D3-BF4B-00C04F79EFBC}") = "QueryLoop", "..\QueryLoop\QueryLoop.csproj", "{FD5500E5-DED6-4B90-AB2A-CB6C5494E2B3}"
EndProject
Global
	GlobalSection(SolutionConfigurationPlatforms) = preSolution
		Debug|Any CPU = Debug|Any CPU
		Release|Any CPU = Release|Any CPU
	EndGlobalSection
	GlobalSection(ProjectConfigurationPlatforms) = postSolution
		{5D174824-A81C-40DC-9B01-A740D18D1A09}.Debug|Any CPU.ActiveCfg = Debug|Any CPU
		{5D174824-A81C-40DC-9B01-A740D18D1A09}.Debug|Any CPU.Build.0 = Debug|Any CPU
		{5D174824-A81C-40DC-9B01-A740D18D1A09}.Release|Any CPU.ActiveCfg = Release|Any CPU
		{5D174824-A81C-40DC-9B01-A740D18D1A09}.Release|Any CPU.Build.0 = Release|Any CPU
		{3D3DB0EB-5B92-4D8F-8547-82FF7184C59A}.Debug|Any CPU.ActiveCfg = Debug|Any CPU
		{3D3DB0EB-5B92-4D8F-8547-82FF7184C59A}.Debug|Any CPU.Build.0 = Debug|Any CPU
		{3D3DB0EB-5B92-4D8F-8547-82FF7184C59A}.Release|Any CPU.ActiveCfg = Release|Any CPU
		{3D3DB0EB-5B92-4D8F-8547-82FF7184C59A}.Release|Any CPU.Build.0 = Release|Any CPU
		{CBEA7A6C-2EA6-4329-99EE-4290A9801A0A}.Debug|Any CPU.ActiveCfg = Debug|Any CPU
		{CBEA7A6C-2EA6-4329-99EE-4290A9801A0A}.Debug|Any CPU.Build.0 = Debug|Any CPU
		{CBEA7A6C-2EA6-4329-99EE-4290A9801A0A}.Release|Any CPU.ActiveCfg = Release|Any CPU
		{CBEA7A6C-2EA6-4329-99EE-4290A9801A0A}.Release|Any CPU.Build.0 = Release|Any CPU
		{3FEC76C3-B933-4461-AA8D-85360D3F41C4}.Debug|Any CPU.ActiveCfg = Debug|Any CPU
		{3FEC76C3-B933-4461-AA8D-85360D3F41C4}.Debug|Any CPU.Build.0 = Debug|Any CPU
		{3FEC76C3-B933-4461-AA8D-85360D3F41C4}.Release|Any CPU.ActiveCfg = Release|Any CPU
		{3FEC76C3-B933-4461-AA8D-85360D3F41C4}.Release|Any CPU.Build.0 = Release|Any CPU
		{69AB619C-5B3A-4EE7-9318-73D92E75F812}.Debug|Any CPU.ActiveCfg = Debug|Any CPU
		{69AB619C-5B3A-4EE7-9318-73D92E75F812}.Debug|Any CPU.Build.0 = Debug|Any CPU
		{69AB619C-5B3A-4EE7-9318-73D92E75F812}.Release|Any CPU.ActiveCfg = Release|Any CPU
		{69AB619C-5B3A-4EE7-9318-73D92E75F812}.Release|Any CPU.Build.0 = Release|Any CPU
		{FD5500E5-DED6-4B90-AB2A-CB6C5494E2B3}.Debug|Any CPU.ActiveCfg = Debug|Any CPU
		{FD5500E5-DED6-4B90-AB2A-CB6C5494E2B3}.Debug|Any CPU.Build.0 = Debug|Any CPU
		{FD5500E5-DED6-4B90-AB2A-CB6C5494E2B3}.Release|Any CPU.ActiveCfg = Release|Any CPU
		{FD5500E5-DED6-4B90-AB2A-CB6C5494E2B3}.Release|Any CPU.Build.0 = Release|Any CPU
	EndGlobalSection
	GlobalSection(SolutionProperties) = preSolution
		HideSolutionNode = FALSE
	EndGlobalSection
EndGlobal
